Microsoft Visual Studio Solution File, Format Version 12.00
# Visual Studio Version 17
VisualStudioVersion = 17.5.2.0
MinimumVisualStudioVersion = 10.0.40219.1
Project("{FAE04EC0-301F-11D3-BF4B-00C04F79EFBC}") = "UnitTest_Assignment1", "UnitTest_Assignment1.csproj", "{0DAC978E-D1A8-A01F-F892-57C70D884470}"
EndProject
Global
	GlobalSection(SolutionConfigurationPlatforms) = preSolution
		Debug|Any CPU = Debug|Any CPU
		Release|Any CPU = Release|Any CPU
	EndGlobalSection
	GlobalSection(ProjectConfigurationPlatforms) = postSolution
		{0DAC978E-D1A8-A01F-F892-57C70D884470}.Debug|Any CPU.ActiveCfg = Debug|Any CPU
		{0DAC978E-D1A8-A01F-F892-57C70D884470}.Debug|Any CPU.Build.0 = Debug|Any CPU
		{0DAC978E-D1A8-A01F-F892-57C70D884470}.Release|Any CPU.ActiveCfg = Release|Any CPU
		{0DAC978E-D1A8-A01F-F892-57C70D884470}.Release|Any CPU.Build.0 = Release|Any CPU
	EndGlobalSection
	GlobalSection(SolutionProperties) = preSolution
		HideSolutionNode = FALSE
	EndGlobalSection
	GlobalSection(ExtensibilityGlobals) = postSolution
		SolutionGuid = {C76A11E4-8983-4A41-BE45-0522E25888DC}
	EndGlobalSection
EndGlobal
